
Microsoft Visual Studio Solution File, Format Version 12.00
# Visual Studio Version 17
VisualStudioVersion = 17.6.33723.286
MinimumVisualStudioVersion = 10.0.40219.1
Project("{FAE04EC0-301F-11D3-BF4B-00C04F79EFBC}") = "TestEmployees", "TestEmployees\TestEmployees.csproj", "{FD4A1637-E490-4F3D-95A2-B93B4DEB2328}"
EndProject
Global
	GlobalSection(SolutionConfigurationPlatforms) = preSolution
		Debug|Any CPU = Debug|Any CPU
		Release|Any CPU = Release|Any CPU
	EndGlobalSection
	GlobalSection(ProjectConfigurationPlatforms) = postSolution
		{FD4A1637-E490-4F3D-95A2-B93B4DEB2328}.Debug|Any CPU.ActiveCfg = Debug|Any CPU
		{FD4A1637-E490-4F3D-95A2-B93B4DEB2328}.Debug|Any CPU.Build.0 = Debug|Any CPU
		{FD4A1637-E490-4F3D-95A2-B93B4DEB2328}.Release|Any CPU.ActiveCfg = Release|Any CPU
		{FD4A1637-E490-4F3D-95A2-B93B4DEB2328}.Release|Any CPU.Build.0 = Release|Any CPU
	EndGlobalSection
	GlobalSection(SolutionProperties) = preSolution
		HideSolutionNode = FALSE
	EndGlobalSection
	GlobalSection(ExtensibilityGlobals) = postSolution
		SolutionGuid = {45F65F4C-2491-4323-853B-B8B1ECACE6B5}
	EndGlobalSection
EndGlobal
